{
  "https://framer.com/m/Spinner-R8Xj.js@lgifrDRJnXOFg4HBz2XJ": { "resolved": "https://framerusercontent.com/modules/oaz82K9Eubk9koRWMve9/lgifrDRJnXOFg4HBz2XJ/Spinner.js", "integrity": "sha512-J1PcIjBG/MdNQOB4KmoreyT5jWCuy2HkDExLX0XaC904uRTBpFxHeZUiOptmiwyblL2WrWarQtFL+pCBVcsyrA==", "contentType": "text/javascript" },
  "https://framer.com/m/framer/cx.js@^1.0.0": { "resolved": "https://framerusercontent.com/modules/xOb0gepsn45Yb0EP673X/hNNjxQ6H1isjN2TZLY7Y/cx.js", "integrity": "sha512-3D3WyYIik9/FYRSl2s7qFCc4WkFync26GDn7/WBiP2btS/0ncYAO1TWCWacU7YLU5Z++57wbM/yV4doq9USZ3w==", "contentType": "text/javascript" },
  "https://framer.com/m/framer/default-utils.js@0.43.0": { "resolved": "https://framerusercontent.com/modules/G4IfyjvwmaeSBpdb4TWu/Pk7RhKpPAlu4xr8tiZYq/index.js", "integrity": "sha512-cxONTTAyXuLMsjoAmF82mpRP1aWDyoS0311IjH5hFm/NMI6y1sCwa05UdfnhwubSErNI5yv0ymxIi232oodmeA==", "contentType": "text/javascript" },
  "https://framer.com/m/framer/randomID.js@^2.0.0": { "resolved": "https://framerusercontent.com/modules/9v9kZvfG4dVIvUGXWTUG/0XmuCxJqtgJLC9OHPU64/randomID.js", "integrity": "sha512-I+aLLdwOzklP4OSw18GaKkpPVOXMsJom4XsE1f7sHs6QAIRtiS0+u4KK+06kc4T24On08AaP54d6F3ZS5zhlNA==", "contentType": "text/javascript" },
  "https://framer.com/m/framer/useAddVariantProps.js@^1.0.0": { "resolved": "https://framerusercontent.com/modules/6QdOoas4IZJI51lwOYqG/Z0R0NJj1MIDYSrL1DyMv/useAddVariantProps.js", "integrity": "sha512-LJgllfoHMoXG3c8kXiSigo6DehK+mQ1eqs/kVZVyFMPBnIwQc4cBCvFW0mBjQQDutGcZ6GvmRN8JpnLGTbrs3A==", "contentType": "text/javascript" },
  "https://framer.com/m/framer/useConstant.js@^1.0.0": { "resolved": "https://framerusercontent.com/modules/e6iTGMqgmkFJvN0mYhkr/KWXeR1JD2kMVZ95etjSs/useConstant.js", "integrity": "sha512-AWOENGlFPMLr/lWIIT5WyYDo8DWBJGywUpoDdSttgt2m0GZ/vm4xU5hI2eykze45HhprugVxpPjMFusU/FDpaA==", "contentType": "text/javascript" },
  "https://framer.com/m/framer/useForceUpdate.js@^1.0.0": { "resolved": "https://framerusercontent.com/modules/HVjOOCKWjzgpLftSeDJb/vfvbXlW9tchIFW1Phnqo/useForceUpdate.js", "integrity": "sha512-zT1CVuok1hCYWrh51WlkDLzuxez25EfHeHMWdkzkMLoemD80qkFHdkGZxqi5Yy3UrHO9bETbPjpcg5QVqsKcJw==", "contentType": "text/javascript" },
  "https://framer.com/m/framer/useVariantState.js@^1.0.0": { "resolved": "https://framerusercontent.com/modules/d6UTkZWoSEcG03DHjys5/nw6A0mZJ9jeCxnYNcIRC/useVariantState.js", "integrity": "sha512-LI0E8CbGLzZe2b6YQWtlZ1bmWMJRItIzjAqtowkZtYLYr8NogssqUO0Z0kaH95bHWF2o+X/OckmBZwEoe2TSXQ==", "contentType": "text/javascript" },
  "https://framerusercontent.com/modules/3mKFSGQqKHV82uOV1eBc/5fbRLvOpxZC0JOXugvwm/isMotionValue.js": { "integrity": "sha512-NsTFnckH3ztErsfOQWKX+2YnZrAjFV/awMuJEbM1Pza8dlI7VsvvcXHT3EaeTo2mPWyKoGOUOefv8t7Rw/lHDw==", "contentType": "text/javascript" },
  "https://framerusercontent.com/modules/4zHZnO5JojN1PrIbu2jm/revv9QCWpkh8lPzi2jje/time.js": { "integrity": "sha512-6AYgvM2h2agZ0WfoeBjdlYWn7JitwfHIoPceHAc+9naJK33RlLEsmKABjOZ/MZb5UIVRr9U6u9l5E3bsLvjSDA==", "contentType": "text/javascript" },
  "https://framerusercontent.com/modules/5SM58HxZHxjjv7aLMOgQ/WXz9i6mVki0bBCrKdqB3/propUtils.js": { "integrity": "sha512-iK3pmUGLJxbB8lS1WPPNYZlPvNUt4Y5h0rKF9kNEORatilksnSz/3xfN03ccyAdi1OjUY31t+AGJt1+eHA/BPw==", "contentType": "text/javascript" },
  "https://framerusercontent.com/modules/8CkHAZatUz1UR8jNTcfD/HwbnIAZlUmQ2oTpcLkaH/detectAutoSizingAxis.js": { "integrity": "sha512-dAd1qq5+bvyo50A0tC8OaRUDlKMvgSmZWio2hfLnunflScABL+Q/iCIhwTiAVumwVS+SXjVRSg39snW0n8FzeQ==", "contentType": "text/javascript" },
  "https://framerusercontent.com/modules/9yCP42jHRUKb7D1zVIaf/E1DhNxUc6Jo0VHKiDUJM/Button.js": { "integrity": "sha512-wJxZ4uJ70e0WXzUhz/oGGp0FVsZmFjp45AN4QA+IWd5ngRf8z79tcnR1VTGWQ6K4cwAh3GQcrfO4Ndc+8XxuVQ==", "contentType": "text/javascript" },
  "https://framerusercontent.com/modules/A7gugvkYmnHWcyChBttq/GEYMhCv0wNbcs4vI7pPT/XcZxtSNOP.js": { "integrity": "sha512-ZjPCKFIWKJThwr+o7eYk3/Ovk9HhSJA9b7WmhNR3QFVqTGSAohXco6r8KvaVVgErrOFssXhIzRE0YuOAo22XkQ==", "contentType": "text/javascript" },
  "https://framerusercontent.com/modules/D2Lz5CmnNVPZFFiZXalt/QaCzPbriZBfXWZIIycFI/colorFromToken.js": { "integrity": "sha512-YDvWz/mbv4+oNkMcvP9h+8chVtQ2nlM3PjGI47J0Udlv6X4iTdI7yxl16MxMQRdkcimRtss1PA0+PoPQzyaWRA==", "contentType": "text/javascript" },
  "https://framerusercontent.com/modules/D4TWeLfcxT6Tysr2BlYg/iZjmqdxVx1EOiM3k1FaW/useOnNavigationTargetChange.js": { "integrity": "sha512-jtWHOF3DUXVj8ag8XlnplqaX6Dhh2mZwYuPorQD1wHHvkIgDToYZ2CbT4/H1ZJjGSBZSWMwoGH8R+5rbAsBW0g==", "contentType": "text/javascript" },
  "https://framerusercontent.com/modules/ETACN5BJyFTSo0VVDJfu/NHRqowOiXkF9UwOzczF7/variantUtils.js": { "integrity": "sha512-iEZE1/9UwLqu0UxGuMJSdI/CvNsmzHR3FBk9kU6JAXZZJfSMK/7MQ2KfwzBkWXDS3J1/PZR2ER1j8MLJIkOrgw==", "contentType": "text/javascript" },
  "https://framerusercontent.com/modules/ExNgrA7EJTKUPpH6vIlN/eiOrSJ2Ab5M9jPCvVwUz/useConstant.js": { "integrity": "sha512-wr7eR2AFuWM5aiGGtdUJCdyeunszIbwAGibmq5l0Z5y3Ta9a+W21NZjV0c0+y+vHwxqhuotnubZnTw3HIksBQQ==", "contentType": "text/javascript" },
  "https://framerusercontent.com/modules/VTUDdizacRHpwbkOamr7/AykinQJbgwl92LvMGZwu/constants.js": { "integrity": "sha512-+agazvdZLI57hxKWl73RRmPucUwrsXYadSDNd2MBgpr1wubU69JEbadS1vi0MgVe73QCs3edxoCGsP3Pcc4JnA==", "contentType": "text/javascript" },
  "https://framerusercontent.com/modules/afBE9Yx1W6bY5q32qPxe/AAh30yXzt1DUsOi1YwUY/useRenderTarget.js": { "integrity": "sha512-nPGaXL06HYnFJPZPB4VUq3sZ+mgtnVIGRQc0uLe+AggIgrkO85kQBAFCHa57If1rBXy6WSUe7QGbIEn1aQt/Mg==", "contentType": "text/javascript" },
  "https://framerusercontent.com/modules/cuQH4dmpDnV8YK1mSgQX/tTLhbOFToDhKcwOVmn8E/useFontControls.js": { "integrity": "sha512-P6HK+LUO0TohjAVu6Wjz9UnKbYvuGF3GUN4cVjEBcBwTCclesJKVKJwWmYMoQIsJtZ/6OgpHYekSCdF1zH+fnA==", "contentType": "text/javascript" },
  "https://framerusercontent.com/modules/eMBrwoqQK7h6mEeGQUH8/GuplvPJVjmxpk9zqOTcb/isBrowser.js": { "integrity": "sha512-/WnHruV+79xq+DJRHluTB+lS00oQ+hTPpXCg4CZs1qLvy8CV8UJxUqJtdKfCTOtRYEnWyd5cjF1DSQSJZDZIvg==", "contentType": "text/javascript" },
  "https://framerusercontent.com/modules/kNDwabfjDEb3vUxkQlZS/fSIr3AOAYbGlfSPgXpYu/useAutoMotionValue.js": { "integrity": "sha512-xEFSaKKXncJsmWeQJPZqNhTWAqCAK/epqpK+lzJpwb8T0IiLSj9VuWU8ESLZuzx8Mx084PwQeB+rgw8ej9Y50w==", "contentType": "text/javascript" },
  "https://framerusercontent.com/modules/v9AWX2URmiYsHf7GbctE/XxKAZ9KlhWqf5x1JMyyF/useOnChange.js": { "integrity": "sha512-4pP38vm8883Ug5K4WkuDEUU7aFBunFNbmwPLRh5Nwe9jZHcXlBbp8Odxkg7Zigj2CRYRU+Jidm7Gcvw9PMzV4w==", "contentType": "text/javascript" },
  "https://framerusercontent.com/modules/xDiQsqBGXzmMsv7AlEVy/uhunpMiNsbXxzjlXsg1y/useUniqueClassName.js": { "integrity": "sha512-xwEYb9guLArtE2B8O2Wle96w7BEPqgejNW+6Tld2KUMTdNrF0jH9kxwB0HAWn9OeOlPRTvx8oYOpsJvj4ryqsg==", "contentType": "text/javascript" },
  "https://framerusercontent.com/modules/zGkoP8tPDCkoBzMdt5uq/0zFSjxIYliHxrQQnryFX/useControlledState.js": { "integrity": "sha512-vWIeFy+B8USgEc5sjsHVNe1V0wUGrQGqBUFcJO4EtGR1i/u7an6Bd64oTXg6xgVwnUGZold4Zl+8KyW5gnw+JA==", "contentType": "text/javascript" },
  "version": 1
}
